// !$*UTF8*$!
{
	archiveVersion = 1;
	classes = {
	};
	objectVersion = 46;
	objects = {

/* Begin PBXBuildFile section */
		033E35ED19CA5C0A00A0A5FE /* Foundation.framework in Frameworks */ = {isa = PBXBuildFile; fileRef = 033E35EC19CA5C0A00A0A5FE /* Foundation.framework */; };
		033E35EF19CA5C0A00A0A5FE /* CoreGraphics.framework in Frameworks */ = {isa = PBXBuildFile; fileRef = 033E35EE19CA5C0A00A0A5FE /* CoreGraphics.framework */; };
		033E35F119CA5C0A00A0A5FE /* UIKit.framework in Frameworks */ = {isa = PBXBuildFile; fileRef = 033E35F019CA5C0A00A0A5FE /* UIKit.framework */; };
		033E35F719CA5C0A00A0A5FE /* InfoPlist.strings in Resources */ = {isa = PBXBuildFile; fileRef = 033E35F519CA5C0A00A0A5FE /* InfoPlist.strings */; };
		033E35F919CA5C0A00A0A5FE /* main.m in Sources */ = {isa = PBXBuildFile; fileRef = 033E35F819CA5C0A00A0A5FE /* main.m */; };
		033E35FD19CA5C0A00A0A5FE /* CardGameAppDelegate.m in Sources */ = {isa = PBXBuildFile; fileRef = 033E35FC19CA5C0A00A0A5FE /* CardGameAppDelegate.m */; };
		033E360019CA5C0A00A0A5FE /* Main.storyboard in Resources */ = {isa = PBXBuildFile; fileRef = 033E35FE19CA5C0A00A0A5FE /* Main.storyboard */; };
		033E360319CA5C0A00A0A5FE /* CardGameViewController.m in Sources */ = {isa = PBXBuildFile; fileRef = 033E360219CA5C0A00A0A5FE /* CardGameViewController.m */; };
		033E360519CA5C0A00A0A5FE /* Images.xcassets in Resources */ = {isa = PBXBuildFile; fileRef = 033E360419CA5C0A00A0A5FE /* Images.xcassets */; };
		033E360C19CA5C0B00A0A5FE /* XCTest.framework in Frameworks */ = {isa = PBXBuildFile; fileRef = 033E360B19CA5C0B00A0A5FE /* XCTest.framework */; };
		033E360D19CA5C0B00A0A5FE /* Foundation.framework in Frameworks */ = {isa = PBXBuildFile; fileRef = 033E35EC19CA5C0A00A0A5FE /* Foundation.framework */; };
		033E360E19CA5C0B00A0A5FE /* UIKit.framework in Frameworks */ = {isa = PBXBuildFile; fileRef = 033E35F019CA5C0A00A0A5FE /* UIKit.framework */; };
		033E361619CA5C0B00A0A5FE /* InfoPlist.strings in Resources */ = {isa = PBXBuildFile; fileRef = 033E361419CA5C0B00A0A5FE /* InfoPlist.strings */; };
		033E361819CA5C0B00A0A5FE /* MatchismoTests.m in Sources */ = {isa = PBXBuildFile; fileRef = 033E361719CA5C0B00A0A5FE /* MatchismoTests.m */; };
		033E362319CA842100A0A5FE /* Card.m in Sources */ = {isa = PBXBuildFile; fileRef = 033E362219CA842100A0A5FE /* Card.m */; };
		033E362719CAC31300A0A5FE /* Deck.m in Sources */ = {isa = PBXBuildFile; fileRef = 033E362619CAC31300A0A5FE /* Deck.m */; };
		033E362A19CAC84E00A0A5FE /* PlayingCard.m in Sources */ = {isa = PBXBuildFile; fileRef = 033E362919CAC84E00A0A5FE /* PlayingCard.m */; };
		033E362D19CAD0FF00A0A5FE /* PlayingCardDeck.m in Sources */ = {isa = PBXBuildFile; fileRef = 033E362C19CAD0FF00A0A5FE /* PlayingCardDeck.m */; };
		0343A40E19CBE1F500A09D4F /* CardMatchingGame.m in Sources */ = {isa = PBXBuildFile; fileRef = 0343A40D19CBE1F500A09D4F /* CardMatchingGame.m */; };
/* End PBXBuildFile section */

/* Begin PBXContainerItemProxy section */
		033E360F19CA5C0B00A0A5FE /* PBXContainerItemProxy */ = {
			isa = PBXContainerItemProxy;
			containerPortal = 033E35E119CA5C0900A0A5FE /* Project object */;
			proxyType = 1;
			remoteGlobalIDString = 033E35E819CA5C0900A0A5FE;
			remoteInfo = Matchismo;
		};
/* End PBXContainerItemProxy section */

/* Begin PBXFileReference section */
		033E35E919CA5C0A00A0A5FE /* Matchismo.app */ = {isa = PBXFileReference; explicitFileType = wrapper.application; includeInIndex = 0; path = Matchismo.app; sourceTree = BUILT_PRODUCTS_DIR; };
		033E35EC19CA5C0A00A0A5FE /* Foundation.framework */ = {isa = PBXFileReference; lastKnownFileType = wrapper.framework; name = Foundation.framework; path = System/Library/Frameworks/Foundation.framework; sourceTree = SDKROOT; };
		033E35EE19CA5C0A00A0A5FE /* CoreGraphics.framework */ = {isa = PBXFileReference; lastKnownFileType = wrapper.framework; name = CoreGraphics.framework; path = System/Library/Frameworks/CoreGraphics.framework; sourceTree = SDKROOT; };
		033E35F019CA5C0A00A0A5FE /* UIKit.framework */ = {isa = PBXFileReference; lastKnownFileType = wrapper.framework; name = UIKit.framework; path = System/Library/Frameworks/UIKit.framework; sourceTree = SDKROOT; };
		033E35F419CA5C0A00A0A5FE /* Matchismo-Info.plist */ = {isa = PBXFileReference; lastKnownFileType = text.plist.xml; path = "Matchismo-Info.plist"; sourceTree = "<group>"; };
		033E35F619CA5C0A00A0A5FE /* en */ = {isa = PBXFileReference; lastKnownFileType = text.plist.strings; name = en; path = en.lproj/InfoPlist.strings; sourceTree = "<group>"; };
		033E35F819CA5C0A00A0A5FE /* main.m */ = {isa = PBXFileReference; lastKnownFileType = sourcecode.c.objc; path = main.m; sourceTree = "<group>"; };
		033E35FA19CA5C0A00A0A5FE /* Matchismo-Prefix.pch */ = {isa = PBXFileReference; lastKnownFileType = sourcecode.c.h; path = "Matchismo-Prefix.pch"; sourceTree = "<group>"; };
		033E35FB19CA5C0A00A0A5FE /* CardGameAppDelegate.h */ = {isa = PBXFileReference; lastKnownFileType = sourcecode.c.h; path = CardGameAppDelegate.h; sourceTree = "<group>"; };
		033E35FC19CA5C0A00A0A5FE /* CardGameAppDelegate.m */ = {isa = PBXFileReference; lastKnownFileType = sourcecode.c.objc; path = CardGameAppDelegate.m; sourceTree = "<group>"; };
		033E35FF19CA5C0A00A0A5FE /* Base */ = {isa = PBXFileReference; lastKnownFileType = file.storyboard; name = Base; path = Base.lproj/Main.storyboard; sourceTree = "<group>"; };
		033E360119CA5C0A00A0A5FE /* CardGameViewController.h */ = {isa = PBXFileReference; lastKnownFileType = sourcecode.c.h; path = CardGameViewController.h; sourceTree = "<group>"; };
		033E360219CA5C0A00A0A5FE /* CardGameViewController.m */ = {isa = PBXFileReference; lastKnownFileType = sourcecode.c.objc; path = CardGameViewController.m; sourceTree = "<group>"; };
		033E360419CA5C0A00A0A5FE /* Images.xcassets */ = {isa = PBXFileReference; lastKnownFileType = folder.assetcatalog; path = Images.xcassets; sourceTree = "<group>"; };
		033E360A19CA5C0B00A0A5FE /* MatchismoTests.xctest */ = {isa = PBXFileReference; explicitFileType = wrapper.cfbundle; includeInIndex = 0; path = MatchismoTests.xctest; sourceTree = BUILT_PRODUCTS_DIR; };
		033E360B19CA5C0B00A0A5FE /* XCTest.framework */ = {isa = PBXFileReference; lastKnownFileType = wrapper.framework; name = XCTest.framework; path = Library/Frameworks/XCTest.framework; sourceTree = DEVELOPER_DIR; };
		033E361319CA5C0B00A0A5FE /* MatchismoTests-Info.plist */ = {isa = PBXFileReference; lastKnownFileType = text.plist.xml; path = "MatchismoTests-Info.plist"; sourceTree = "<group>"; };
		033E361519CA5C0B00A0A5FE /* en */ = {isa = PBXFileReference; lastKnownFileType = text.plist.strings; name = en; path = en.lproj/InfoPlist.strings; sourceTree = "<group>"; };
		033E361719CA5C0B00A0A5FE /* MatchismoTests.m */ = {isa = PBXFileReference; lastKnownFileType = sourcecode.c.objc; path = MatchismoTests.m; sourceTree = "<group>"; };
		033E362119CA842100A0A5FE /* Card.h */ = {isa = PBXFileReference; fileEncoding = 4; lastKnownFileType = sourcecode.c.h; name = Card.h; path = Model/Card.h; sourceTree = "<group>"; };
		033E362219CA842100A0A5FE /* Card.m */ = {isa = PBXFileReference; fileEncoding = 4; lastKnownFileType = sourcecode.c.objc; name = Card.m; path = Model/Card.m; sourceTree = "<group>"; };
		033E362519CAC31300A0A5FE /* Deck.h */ = {isa = PBXFileReference; fileEncoding = 4; lastKnownFileType = sourcecode.c.h; name = Deck.h; path = Model/Deck.h; sourceTree = "<group>"; };
		033E362619CAC31300A0A5FE /* Deck.m */ = {isa = PBXFileReference; fileEncoding = 4; lastKnownFileType = sourcecode.c.objc; name = Deck.m; path = Model/Deck.m; sourceTree = "<group>"; };
		033E362819CAC84E00A0A5FE /* PlayingCard.h */ = {isa = PBXFileReference; fileEncoding = 4; lastKnownFileType = sourcecode.c.h; name = PlayingCard.h; path = Model/PlayingCard.h; sourceTree = "<group>"; };
		033E362919CAC84E00A0A5FE /* PlayingCard.m */ = {isa = PBXFileReference; fileEncoding = 4; lastKnownFileType = sourcecode.c.objc; name = PlayingCard.m; path = Model/PlayingCard.m; sourceTree = "<group>"; };
		033E362B19CAD0FF00A0A5FE /* PlayingCardDeck.h */ = {isa = PBXFileReference; fileEncoding = 4; lastKnownFileType = sourcecode.c.h; name = PlayingCardDeck.h; path = Model/PlayingCardDeck.h; sourceTree = "<group>"; };
		033E362C19CAD0FF00A0A5FE /* PlayingCardDeck.m */ = {isa = PBXFileReference; fileEncoding = 4; lastKnownFileType = sourcecode.c.objc; name = PlayingCardDeck.m; path = Model/PlayingCardDeck.m; sourceTree = "<group>"; };
		0343A40C19CBE1F500A09D4F /* CardMatchingGame.h */ = {isa = PBXFileReference; fileEncoding = 4; lastKnownFileType = sourcecode.c.h; name = CardMatchingGame.h; path = Model/CardMatchingGame.h; sourceTree = "<group>"; };
		0343A40D19CBE1F500A09D4F /* CardMatchingGame.m */ = {isa = PBXFileReference; fileEncoding = 4; lastKnownFileType = sourcecode.c.objc; name = CardMatchingGame.m; path = Model/CardMatchingGame.m; sourceTree = "<group>"; };
/* End PBXFileReference section */

/* Begin PBXFrameworksBuildPhase section */
		033E35E619CA5C0900A0A5FE /* Frameworks */ = {
			isa = PBXFrameworksBuildPhase;
			buildActionMask = 2147483647;
			files = (
				033E35EF19CA5C0A00A0A5FE /* CoreGraphics.framework in Frameworks */,
				033E35F119CA5C0A00A0A5FE /* UIKit.framework in Frameworks */,
				033E35ED19CA5C0A00A0A5FE /* Foundation.framework in Frameworks */,
			);
			runOnlyForDeploymentPostprocessing = 0;
		};
		033E360719CA5C0B00A0A5FE /* Frameworks */ = {
			isa = PBXFrameworksBuildPhase;
			buildActionMask = 2147483647;
			files = (
				033E360C19CA5C0B00A0A5FE /* XCTest.framework in Frameworks */,
				033E360E19CA5C0B00A0A5FE /* UIKit.framework in Frameworks */,
				033E360D19CA5C0B00A0A5FE /* Foundation.framework in Frameworks */,
			);
			runOnlyForDeploymentPostprocessing = 0;
		};
/* End PBXFrameworksBuildPhase section */

/* Begin PBXGroup section */
		033E35E019CA5C0900A0A5FE = {
			isa = PBXGroup;
			children = (
				033E35F219CA5C0A00A0A5FE /* Matchismo */,
				033E361119CA5C0B00A0A5FE /* MatchismoTests */,
				033E35EB19CA5C0A00A0A5FE /* Frameworks */,
				033E35EA19CA5C0A00A0A5FE /* Products */,
			);
			sourceTree = "<group>";
		};
		033E35EA19CA5C0A00A0A5FE /* Products */ = {
			isa = PBXGroup;
			children = (
				033E35E919CA5C0A00A0A5FE /* Matchismo.app */,
				033E360A19CA5C0B00A0A5FE /* MatchismoTests.xctest */,
			);
			name = Products;
			sourceTree = "<group>";
		};
		033E35EB19CA5C0A00A0A5FE /* Frameworks */ = {
			isa = PBXGroup;
			children = (
				033E35EC19CA5C0A00A0A5FE /* Foundation.framework */,
				033E35EE19CA5C0A00A0A5FE /* CoreGraphics.framework */,
				033E35F019CA5C0A00A0A5FE /* UIKit.framework */,
				033E360B19CA5C0B00A0A5FE /* XCTest.framework */,
			);
			name = Frameworks;
			sourceTree = "<group>";
		};
		033E35F219CA5C0A00A0A5FE /* Matchismo */ = {
			isa = PBXGroup;
			children = (
				033E362419CA843300A0A5FE /* Model */,
				033E35FE19CA5C0A00A0A5FE /* Main.storyboard */,
				033E360119CA5C0A00A0A5FE /* CardGameViewController.h */,
				033E360219CA5C0A00A0A5FE /* CardGameViewController.m */,
				033E360419CA5C0A00A0A5FE /* Images.xcassets */,
				033E35F319CA5C0A00A0A5FE /* Supporting Files */,
			);
			path = Matchismo;
			sourceTree = "<group>";
		};
		033E35F319CA5C0A00A0A5FE /* Supporting Files */ = {
			isa = PBXGroup;
			children = (
				033E35FB19CA5C0A00A0A5FE /* CardGameAppDelegate.h */,
				033E35FC19CA5C0A00A0A5FE /* CardGameAppDelegate.m */,
				033E35F419CA5C0A00A0A5FE /* Matchismo-Info.plist */,
				033E35F519CA5C0A00A0A5FE /* InfoPlist.strings */,
				033E35F819CA5C0A00A0A5FE /* main.m */,
				033E35FA19CA5C0A00A0A5FE /* Matchismo-Prefix.pch */,
			);
			name = "Supporting Files";
			sourceTree = "<group>";
		};
		033E361119CA5C0B00A0A5FE /* MatchismoTests */ = {
			isa = PBXGroup;
			children = (
				033E361719CA5C0B00A0A5FE /* MatchismoTests.m */,
				033E361219CA5C0B00A0A5FE /* Supporting Files */,
			);
			path = MatchismoTests;
			sourceTree = "<group>";
		};
		033E361219CA5C0B00A0A5FE /* Supporting Files */ = {
			isa = PBXGroup;
			children = (
				033E361319CA5C0B00A0A5FE /* MatchismoTests-Info.plist */,
				033E361419CA5C0B00A0A5FE /* InfoPlist.strings */,
			);
			name = "Supporting Files";
			sourceTree = "<group>";
		};
		033E362419CA843300A0A5FE /* Model */ = {
			isa = PBXGroup;
			children = (
				0343A40C19CBE1F500A09D4F /* CardMatchingGame.h */,
				0343A40D19CBE1F500A09D4F /* CardMatchingGame.m */,
				033E362119CA842100A0A5FE /* Card.h */,
				033E362219CA842100A0A5FE /* Card.m */,
				033E362519CAC31300A0A5FE /* Deck.h */,
				033E362619CAC31300A0A5FE /* Deck.m */,
				033E362819CAC84E00A0A5FE /* PlayingCard.h */,
				033E362919CAC84E00A0A5FE /* PlayingCard.m */,
				033E362B19CAD0FF00A0A5FE /* PlayingCardDeck.h */,
				033E362C19CAD0FF00A0A5FE /* PlayingCardDeck.m */,
			);
			name = Model;
			sourceTree = "<group>";
		};
/* End PBXGroup section */

/* Begin PBXNativeTarget section */
		033E35E819CA5C0900A0A5FE /* Matchismo */ = {
			isa = PBXNativeTarget;
			buildConfigurationList = 033E361B19CA5C0B00A0A5FE /* Build configuration list for PBXNativeTarget "Matchismo" */;
			buildPhases = (
				033E35E519CA5C0900A0A5FE /* Sources */,
				033E35E619CA5C0900A0A5FE /* Frameworks */,
				033E35E719CA5C0900A0A5FE /* Resources */,
			);
			buildRules = (
			);
			dependencies = (
			);
			name = Matchismo;
			productName = Matchismo;
			productReference = 033E35E919CA5C0A00A0A5FE /* Matchismo.app */;
			productType = "com.apple.product-type.application";
		};
		033E360919CA5C0B00A0A5FE /* MatchismoTests */ = {
			isa = PBXNativeTarget;
			buildConfigurationList = 033E361E19CA5C0B00A0A5FE /* Build configuration list for PBXNativeTarget "MatchismoTests" */;
			buildPhases = (
				033E360619CA5C0B00A0A5FE /* Sources */,
				033E360719CA5C0B00A0A5FE /* Frameworks */,
				033E360819CA5C0B00A0A5FE /* Resources */,
			);
			buildRules = (
			);
			dependencies = (
				033E361019CA5C0B00A0A5FE /* PBXTargetDependency */,
			);
			name = MatchismoTests;
			productName = MatchismoTests;
			productReference = 033E360A19CA5C0B00A0A5FE /* MatchismoTests.xctest */;
			productType = "com.apple.product-type.bundle.unit-test";
		};
/* End PBXNativeTarget section */

/* Begin PBXProject section */
		033E35E119CA5C0900A0A5FE /* Project object */ = {
			isa = PBXProject;
			attributes = {
				CLASSPREFIX = CardGame;
				LastUpgradeCheck = 0510;
				ORGANIZATIONNAME = "Josh Winskill";
				TargetAttributes = {
					033E360919CA5C0B00A0A5FE = {
						TestTargetID = 033E35E819CA5C0900A0A5FE;
					};
				};
			};
			buildConfigurationList = 033E35E419CA5C0900A0A5FE /* Build configuration list for PBXProject "Matchismo" */;
			compatibilityVersion = "Xcode 3.2";
			developmentRegion = English;
			hasScannedForEncodings = 0;
			knownRegions = (
				en,
				Base,
			);
			mainGroup = 033E35E019CA5C0900A0A5FE;
			productRefGroup = 033E35EA19CA5C0A00A0A5FE /* Products */;
			projectDirPath = "";
			projectRoot = "";
			targets = (
				033E35E819CA5C0900A0A5FE /* Matchismo */,
				033E360919CA5C0B00A0A5FE /* MatchismoTests */,
			);
		};
/* End PBXProject section */

/* Begin PBXResourcesBuildPhase section */
		033E35E719CA5C0900A0A5FE /* Resources */ = {
			isa = PBXResourcesBuildPhase;
			buildActionMask = 2147483647;
			files = (
				033E360519CA5C0A00A0A5FE /* Images.xcassets in Resources */,
				033E35F719CA5C0A00A0A5FE /* InfoPlist.strings in Resources */,
				033E360019CA5C0A00A0A5FE /* Main.storyboard in Resources */,
			);
			runOnlyForDeploymentPostprocessing = 0;
		};
		033E360819CA5C0B00A0A5FE /* Resources */ = {
			isa = PBXResourcesBuildPhase;
			buildActionMask = 2147483647;
			files = (
				033E361619CA5C0B00A0A5FE /* InfoPlist.strings in Resources */,
			);
			runOnlyForDeploymentPostprocessing = 0;
		};
/* End PBXResourcesBuildPhase section */

/* Begin PBXSourcesBuildPhase section */
		033E35E519CA5C0900A0A5FE /* Sources */ = {
			isa = PBXSourcesBuildPhase;
			buildActionMask = 2147483647;
			files = (
				033E362A19CAC84E00A0A5FE /* PlayingCard.m in Sources */,
				033E362719CAC31300A0A5FE /* Deck.m in Sources */,
				033E35FD19CA5C0A00A0A5FE /* CardGameAppDelegate.m in Sources */,
				033E360319CA5C0A00A0A5FE /* CardGameViewController.m in Sources */,
				0343A40E19CBE1F500A09D4F /* CardMatchingGame.m in Sources */,
				033E362D19CAD0FF00A0A5FE /* PlayingCardDeck.m in Sources */,
				033E35F919CA5C0A00A0A5FE /* main.m in Sources */,
				033E362319CA842100A0A5FE /* Card.m in Sources */,
			);
			runOnlyForDeploymentPostprocessing = 0;
		};
		033E360619CA5C0B00A0A5FE /* Sources */ = {
			isa = PBXSourcesBuildPhase;
			buildActionMask = 2147483647;
			files = (
				033E361819CA5C0B00A0A5FE /* MatchismoTests.m in Sources */,
			);
			runOnlyForDeploymentPostprocessing = 0;
		};
/* End PBXSourcesBuildPhase section */

/* Begin PBXTargetDependency section */
		033E361019CA5C0B00A0A5FE /* PBXTargetDependency */ = {
			isa = PBXTargetDependency;
			target = 033E35E819CA5C0900A0A5FE /* Matchismo */;
			targetProxy = 033E360F19CA5C0B00A0A5FE /* PBXContainerItemProxy */;
		};
/* End PBXTargetDependency section */

/* Begin PBXVariantGroup section */
		033E35F519CA5C0A00A0A5FE /* InfoPlist.strings */ = {
			isa = PBXVariantGroup;
			children = (
				033E35F619CA5C0A00A0A5FE /* en */,
			);
			name = InfoPlist.strings;
			sourceTree = "<group>";
		};
		033E35FE19CA5C0A00A0A5FE /* Main.storyboard */ = {
			isa = PBXVariantGroup;
			children = (
				033E35FF19CA5C0A00A0A5FE /* Base */,
			);
			name = Main.storyboard;
			sourceTree = "<group>";
		};
		033E361419CA5C0B00A0A5FE /* InfoPlist.strings */ = {
			isa = PBXVariantGroup;
			children = (
				033E361519CA5C0B00A0A5FE /* en */,
			);
			name = InfoPlist.strings;
			sourceTree = "<group>";
		};
/* End PBXVariantGroup section */

/* Begin XCBuildConfiguration section */
		033E361919CA5C0B00A0A5FE /* Debug */ = {
			isa = XCBuildConfiguration;
			buildSettings = {
				ALWAYS_SEARCH_USER_PATHS = NO;
				CLANG_CXX_LANGUAGE_STANDARD = "gnu++0x";
				CLANG_CXX_LIBRARY = "libc++";
				CLANG_ENABLE_MODULES = YES;
				CLANG_ENABLE_OBJC_ARC = YES;
				CLANG_WARN_BOOL_CONVERSION = YES;
				CLANG_WARN_CONSTANT_CONVERSION = YES;
				CLANG_WARN_DIRECT_OBJC_ISA_USAGE = YES_ERROR;
				CLANG_WARN_EMPTY_BODY = YES;
				CLANG_WARN_ENUM_CONVERSION = YES;
				CLANG_WARN_INT_CONVERSION = YES;
				CLANG_WARN_OBJC_ROOT_CLASS = YES_ERROR;
				CLANG_WARN__DUPLICATE_METHOD_MATCH = YES;
				"CODE_SIGN_IDENTITY[sdk=iphoneos*]" = "iPhone Developer";
				COPY_PHASE_STRIP = NO;
				GCC_C_LANGUAGE_STANDARD = gnu99;
				GCC_DYNAMIC_NO_PIC = NO;
				GCC_OPTIMIZATION_LEVEL = 0;
				GCC_PREPROCESSOR_DEFINITIONS = (
					"DEBUG=1",
					"$(inherited)",
				);
				GCC_SYMBOLS_PRIVATE_EXTERN = NO;
				GCC_WARN_64_TO_32_BIT_CONVERSION = YES;
				GCC_WARN_ABOUT_RETURN_TYPE = YES_ERROR;
				GCC_WARN_UNDECLARED_SELECTOR = YES;
				GCC_WARN_UNINITIALIZED_AUTOS = YES_AGGRESSIVE;
				GCC_WARN_UNUSED_FUNCTION = YES;
				GCC_WARN_UNUSED_VARIABLE = YES;
				IPHONEOS_DEPLOYMENT_TARGET = 7.1;
				ONLY_ACTIVE_ARCH = YES;
				SDKROOT = iphoneos;
			};
			name = Debug;
		};
		033E361A19CA5C0B00A0A5FE /* Release */ = {
			isa = XCBuildConfiguration;
			buildSettings = {
				ALWAYS_SEARCH_USER_PATHS = NO;
				CLANG_CXX_LANGUAGE_STANDARD = "gnu++0x";
				CLANG_CXX_LIBRARY = "libc++";
				CLANG_ENABLE_MODULES = YES;
				CLANG_ENABLE_OBJC_ARC = YES;
				CLANG_WARN_BOOL_CONVERSION = YES;
				CLANG_WARN_CONSTANT_CONVERSION = YES;
				CLANG_WARN_DIRECT_OBJC_ISA_USAGE = YES_ERROR;
				CLANG_WARN_EMPTY_BODY = YES;
				CLANG_WARN_ENUM_CONVERSION = YES;
				CLANG_WARN_INT_CONVERSION = YES;
				CLANG_WARN_OBJC_ROOT_CLASS = YES_ERROR;
				CLANG_WARN__DUPLICATE_METHOD_MATCH = YES;
				"CODE_SIGN_IDENTITY[sdk=iphoneos*]" = "iPhone Developer";
				COPY_PHASE_STRIP = YES;
				ENABLE_NS_ASSERTIONS = NO;
				GCC_C_LANGUAGE_STANDARD = gnu99;
				GCC_WARN_64_TO_32_BIT_CONVERSION = YES;
				GCC_WARN_ABOUT_RETURN_TYPE = YES_ERROR;
				GCC_WARN_UNDECLARED_SELECTOR = YES;
				GCC_WARN_UNINITIALIZED_AUTOS = YES_AGGRESSIVE;
				GCC_WARN_UNUSED_FUNCTION = YES;
				GCC_WARN_UNUSED_VARIABLE = YES;
				IPHONEOS_DEPLOYMENT_TARGET = 7.1;
				SDKROOT = iphoneos;
				VALIDATE_PRODUCT = YES;
			};
			name = Release;
		};
		033E361C19CA5C0B00A0A5FE /* Debug */ = {
			isa = XCBuildConfiguration;
			buildSettings = {
				ASSETCATALOG_COMPILER_APPICON_NAME = AppIcon;
				ASSETCATALOG_COMPILER_LAUNCHIMAGE_NAME = LaunchImage;
				GCC_PRECOMPILE_PREFIX_HEADER = YES;
				GCC_PREFIX_HEADER = "Matchismo/Matchismo-Prefix.pch";
				INFOPLIST_FILE = "Matchismo/Matchismo-Info.plist";
				PRODUCT_NAME = "$(TARGET_NAME)";
				WRAPPER_EXTENSION = app;
			};
			name = Debug;
		};
		033E361D19CA5C0B00A0A5FE /* Release */ = {
			isa = XCBuildConfiguration;
			buildSettings = {
				ASSETCATALOG_COMPILER_APPICON_NAME = AppIcon;
				ASSETCATALOG_COMPILER_LAUNCHIMAGE_NAME = LaunchImage;
				GCC_PRECOMPILE_PREFIX_HEADER = YES;
				GCC_PREFIX_HEADER = "Matchismo/Matchismo-Prefix.pch";
				INFOPLIST_FILE = "Matchismo/Matchismo-Info.plist";
				PRODUCT_NAME = "$(TARGET_NAME)";
				WRAPPER_EXTENSION = app;
			};
			name = Release;
		};
		033E361F19CA5C0B00A0A5FE /* Debug */ = {
			isa = XCBuildConfiguration;
			buildSettings = {
				BUNDLE_LOADER = "$(BUILT_PRODUCTS_DIR)/Matchismo.app/Matchismo";
				FRAMEWORK_SEARCH_PATHS = (
					"$(SDKROOT)/Developer/Library/Frameworks",
					"$(inherited)",
					"$(DEVELOPER_FRAMEWORKS_DIR)",
				);
				GCC_PRECOMPILE_PREFIX_HEADER = YES;
				GCC_PREFIX_HEADER = "Matchismo/Matchismo-Prefix.pch";
				GCC_PREPROCESSOR_DEFINITIONS = (
					"DEBUG=1",
					"$(inherited)",
				);
				INFOPLIST_FILE = "MatchismoTests/MatchismoTests-Info.plist";
				PRODUCT_NAME = "$(TARGET_NAME)";
				TEST_HOST = "$(BUNDLE_LOADER)";
				WRAPPER_EXTENSION = xctest;
			};
			name = Debug;
		};
		033E362019CA5C0B00A0A5FE /* Release */ = {
			isa = XCBuildConfiguration;
			buildSettings = {
				BUNDLE_LOADER = "$(BUILT_PRODUCTS_DIR)/Matchismo.app/Matchismo";
				FRAMEWORK_SEARCH_PATHS = (
					"$(SDKROOT)/Developer/Library/Frameworks",
					"$(inherited)",
					"$(DEVELOPER_FRAMEWORKS_DIR)",
				);
				GCC_PRECOMPILE_PREFIX_HEADER = YES;
				GCC_PREFIX_HEADER = "Matchismo/Matchismo-Prefix.pch";
				INFOPLIST_FILE = "MatchismoTests/MatchismoTests-Info.plist";
				PRODUCT_NAME = "$(TARGET_NAME)";
				TEST_HOST = "$(BUNDLE_LOADER)";
				WRAPPER_EXTENSION = xctest;
			};
			name = Release;
		};
/* End XCBuildConfiguration section */

/* Begin XCConfigurationList section */
		033E35E419CA5C0900A0A5FE /* Build configuration list for PBXProject "Matchismo" */ = {
			isa = XCConfigurationList;
			buildConfigurations = (
				033E361919CA5C0B00A0A5FE /* Debug */,
				033E361A19CA5C0B00A0A5FE /* Release */,
			);
			defaultConfigurationIsVisible = 0;
			defaultConfigurationName = Release;
		};
		033E361B19CA5C0B00A0A5FE /* Build configuration list for PBXNativeTarget "Matchismo" */ = {
			isa = XCConfigurationList;
			buildConfigurations = (
				033E361C19CA5C0B00A0A5FE /* Debug */,
				033E361D19CA5C0B00A0A5FE /* Release */,
			);
			defaultConfigurationIsVisible = 0;
			defaultConfigurationName = Release;
		};
		033E361E19CA5C0B00A0A5FE /* Build configuration list for PBXNativeTarget "MatchismoTests" */ = {
			isa = XCConfigurationList;
			buildConfigurations = (
				033E361F19CA5C0B00A0A5FE /* Debug */,
				033E362019CA5C0B00A0A5FE /* Release */,
			);
			defaultConfigurationIsVisible = 0;
			defaultConfigurationName = Release;
		};
/* End XCConfigurationList section */
	};
	rootObject = 033E35E119CA5C0900A0A5FE /* Project object */;
}
